// !$*UTF8*$!
{
	archiveVersion = 1;
	classes = {
	};
	objectVersion = 46;
	objects = {

/* Begin PBXBuildFile section */
		97AA6C2E1AB8391B00ED5F39 /* main.m in Sources */ = {isa = PBXBuildFile; fileRef = 97AA6C2D1AB8391B00ED5F39 /* main.m */; };
		97AA6C311AB8391B00ED5F39 /* AppDelegate.m in Sources */ = {isa = PBXBuildFile; fileRef = 97AA6C301AB8391B00ED5F39 /* AppDelegate.m */; };
		97AA6C341AB8391B00ED5F39 /* ViewController.m in Sources */ = {isa = PBXBuildFile; fileRef = 97AA6C331AB8391B00ED5F39 /* ViewController.m */; };
		97AA6C371AB8391B00ED5F39 /* Main.storyboard in Resources */ = {isa = PBXBuildFile; fileRef = 97AA6C351AB8391B00ED5F39 /* Main.storyboard */; };
		97AA6C391AB8391B00ED5F39 /* Images.xcassets in Resources */ = {isa = PBXBuildFile; fileRef = 97AA6C381AB8391B00ED5F39 /* Images.xcassets */; };
		97AA6C3C1AB8391B00ED5F39 /* LaunchScreen.xib in Resources */ = {isa = PBXBuildFile; fileRef = 97AA6C3A1AB8391B00ED5F39 /* LaunchScreen.xib */; };
		97AA6C481AB8391B00ED5F39 /* SimplePopAlertTests.m in Sources */ = {isa = PBXBuildFile; fileRef = 97AA6C471AB8391B00ED5F39 /* SimplePopAlertTests.m */; };
		97AA6C531AB8395C00ED5F39 /* PromptView.m in Sources */ = {isa = PBXBuildFile; fileRef = 97AA6C521AB8395C00ED5F39 /* PromptView.m */; };
		97AA6C571AB83B9700ED5F39 /* topArrow_prompt.png in Resources */ = {isa = PBXBuildFile; fileRef = 97AA6C541AB83B9700ED5F39 /* topArrow_prompt.png */; };
		97AA6C581AB83B9700ED5F39 /* bottomArrow_prompt.png in Resources */ = {isa = PBXBuildFile; fileRef = 97AA6C551AB83B9700ED5F39 /* bottomArrow_prompt.png */; };
		97AA6C591AB83B9700ED5F39 /* leftArrow_prompt.png in Resources */ = {isa = PBXBuildFile; fileRef = 97AA6C561AB83B9700ED5F39 /* leftArrow_prompt.png */; };
		97AA6C5B1AB83C4000ED5F39 /* rightArrow_prompt.png in Resources */ = {isa = PBXBuildFile; fileRef = 97AA6C5A1AB83C4000ED5F39 /* rightArrow_prompt.png */; };
/* End PBXBuildFile section */

/* Begin PBXContainerItemProxy section */
		97AA6C421AB8391B00ED5F39 /* PBXContainerItemProxy */ = {
			isa = PBXContainerItemProxy;
			containerPortal = 97AA6C201AB8391B00ED5F39 /* Project object */;
			proxyType = 1;
			remoteGlobalIDString = 97AA6C271AB8391B00ED5F39;
			remoteInfo = SimplePopAlert;
		};
/* End PBXContainerItemProxy section */

/* Begin PBXFileReference section */
		97AA6C281AB8391B00ED5F39 /* SimplePopAlert.app */ = {isa = PBXFileReference; explicitFileType = wrapper.application; includeInIndex = 0; path = SimplePopAlert.app; sourceTree = BUILT_PRODUCTS_DIR; };
		97AA6C2C1AB8391B00ED5F39 /* Info.plist */ = {isa = PBXFileReference; lastKnownFileType = text.plist.xml; path = Info.plist; sourceTree = "<group>"; };
		97AA6C2D1AB8391B00ED5F39 /* main.m */ = {isa = PBXFileReference; lastKnownFileType = sourcecode.c.objc; path = main.m; sourceTree = "<group>"; };
		97AA6C2F1AB8391B00ED5F39 /* AppDelegate.h */ = {isa = PBXFileReference; lastKnownFileType = sourcecode.c.h; path = AppDelegate.h; sourceTree = "<group>"; };
		97AA6C301AB8391B00ED5F39 /* AppDelegate.m */ = {isa = PBXFileReference; lastKnownFileType = sourcecode.c.objc; path = AppDelegate.m; sourceTree = "<group>"; };
		97AA6C321AB8391B00ED5F39 /* ViewController.h */ = {isa = PBXFileReference; lastKnownFileType = sourcecode.c.h; path = ViewController.h; sourceTree = "<group>"; };
		97AA6C331AB8391B00ED5F39 /* ViewController.m */ = {isa = PBXFileReference; lastKnownFileType = sourcecode.c.objc; path = ViewController.m; sourceTree = "<group>"; };
		97AA6C361AB8391B00ED5F39 /* Base */ = {isa = PBXFileReference; lastKnownFileType = file.storyboard; name = Base; path = Base.lproj/Main.storyboard; sourceTree = "<group>"; };
		97AA6C381AB8391B00ED5F39 /* Images.xcassets */ = {isa = PBXFileReference; lastKnownFileType = folder.assetcatalog; path = Images.xcassets; sourceTree = "<group>"; };
		97AA6C3B1AB8391B00ED5F39 /* Base */ = {isa = PBXFileReference; lastKnownFileType = file.xib; name = Base; path = Base.lproj/LaunchScreen.xib; sourceTree = "<group>"; };
		97AA6C411AB8391B00ED5F39 /* SimplePopAlertTests.xctest */ = {isa = PBXFileReference; explicitFileType = wrapper.cfbundle; includeInIndex = 0; path = SimplePopAlertTests.xctest; sourceTree = BUILT_PRODUCTS_DIR; };
		97AA6C461AB8391B00ED5F39 /* Info.plist */ = {isa = PBXFileReference; lastKnownFileType = text.plist.xml; path = Info.plist; sourceTree = "<group>"; };
		97AA6C471AB8391B00ED5F39 /* SimplePopAlertTests.m */ = {isa = PBXFileReference; lastKnownFileType = sourcecode.c.objc; path = SimplePopAlertTests.m; sourceTree = "<group>"; };
		97AA6C511AB8395C00ED5F39 /* PromptView.h */ = {isa = PBXFileReference; fileEncoding = 4; lastKnownFileType = sourcecode.c.h; path = PromptView.h; sourceTree = "<group>"; };
		97AA6C521AB8395C00ED5F39 /* PromptView.m */ = {isa = PBXFileReference; fileEncoding = 4; lastKnownFileType = sourcecode.c.objc; path = PromptView.m; sourceTree = "<group>"; };
		97AA6C541AB83B9700ED5F39 /* topArrow_prompt.png */ = {isa = PBXFileReference; lastKnownFileType = image.png; path = topArrow_prompt.png; sourceTree = "<group>"; };
		97AA6C551AB83B9700ED5F39 /* bottomArrow_prompt.png */ = {isa = PBXFileReference; lastKnownFileType = image.png; path = bottomArrow_prompt.png; sourceTree = "<group>"; };
		97AA6C561AB83B9700ED5F39 /* leftArrow_prompt.png */ = {isa = PBXFileReference; lastKnownFileType = image.png; path = leftArrow_prompt.png; sourceTree = "<group>"; };
		97AA6C5A1AB83C4000ED5F39 /* rightArrow_prompt.png */ = {isa = PBXFileReference; lastKnownFileType = image.png; path = rightArrow_prompt.png; sourceTree = "<group>"; };
/* End PBXFileReference section */

/* Begin PBXFrameworksBuildPhase section */
		97AA6C251AB8391B00ED5F39 /* Frameworks */ = {
			isa = PBXFrameworksBuildPhase;
			buildActionMask = 2147483647;
			files = (
			);
			runOnlyForDeploymentPostprocessing = 0;
		};
		97AA6C3E1AB8391B00ED5F39 /* Frameworks */ = {
			isa = PBXFrameworksBuildPhase;
			buildActionMask = 2147483647;
			files = (
			);
			runOnlyForDeploymentPostprocessing = 0;
		};
/* End PBXFrameworksBuildPhase section */

/* Begin PBXGroup section */
		97AA6C1F1AB8391B00ED5F39 = {
			isa = PBXGroup;
			children = (
				97AA6C2A1AB8391B00ED5F39 /* SimplePopAlert */,
				97AA6C441AB8391B00ED5F39 /* SimplePopAlertTests */,
				97AA6C291AB8391B00ED5F39 /* Products */,
			);
			sourceTree = "<group>";
		};
		97AA6C291AB8391B00ED5F39 /* Products */ = {
			isa = PBXGroup;
			children = (
				97AA6C281AB8391B00ED5F39 /* SimplePopAlert.app */,
				97AA6C411AB8391B00ED5F39 /* SimplePopAlertTests.xctest */,
			);
			name = Products;
			sourceTree = "<group>";
		};
		97AA6C2A1AB8391B00ED5F39 /* SimplePopAlert */ = {
			isa = PBXGroup;
			children = (
				97AA6C2F1AB8391B00ED5F39 /* AppDelegate.h */,
				97AA6C301AB8391B00ED5F39 /* AppDelegate.m */,
				97AA6C321AB8391B00ED5F39 /* ViewController.h */,
				97AA6C331AB8391B00ED5F39 /* ViewController.m */,
				97AA6C511AB8395C00ED5F39 /* PromptView.h */,
				97AA6C521AB8395C00ED5F39 /* PromptView.m */,
				97AA6C541AB83B9700ED5F39 /* topArrow_prompt.png */,
				97AA6C551AB83B9700ED5F39 /* bottomArrow_prompt.png */,
				97AA6C561AB83B9700ED5F39 /* leftArrow_prompt.png */,
				97AA6C5A1AB83C4000ED5F39 /* rightArrow_prompt.png */,
				97AA6C351AB8391B00ED5F39 /* Main.storyboard */,
				97AA6C381AB8391B00ED5F39 /* Images.xcassets */,
				97AA6C3A1AB8391B00ED5F39 /* LaunchScreen.xib */,
				97AA6C2B1AB8391B00ED5F39 /* Supporting Files */,
			);
			path = SimplePopAlert;
			sourceTree = "<group>";
		};
		97AA6C2B1AB8391B00ED5F39 /* Supporting Files */ = {
			isa = PBXGroup;
			children = (
				97AA6C2C1AB8391B00ED5F39 /* Info.plist */,
				97AA6C2D1AB8391B00ED5F39 /* main.m */,
			);
			name = "Supporting Files";
			sourceTree = "<group>";
		};
		97AA6C441AB8391B00ED5F39 /* SimplePopAlertTests */ = {
			isa = PBXGroup;
			children = (
				97AA6C471AB8391B00ED5F39 /* SimplePopAlertTests.m */,
				97AA6C451AB8391B00ED5F39 /* Supporting Files */,
			);
			path = SimplePopAlertTests;
			sourceTree = "<group>";
		};
		97AA6C451AB8391B00ED5F39 /* Supporting Files */ = {
			isa = PBXGroup;
			children = (
				97AA6C461AB8391B00ED5F39 /* Info.plist */,
			);
			name = "Supporting Files";
			sourceTree = "<group>";
		};
/* End PBXGroup section */

/* Begin PBXNativeTarget section */
		97AA6C271AB8391B00ED5F39 /* SimplePopAlert */ = {
			isa = PBXNativeTarget;
			buildConfigurationList = 97AA6C4B1AB8391B00ED5F39 /* Build configuration list for PBXNativeTarget "SimplePopAlert" */;
			buildPhases = (
				97AA6C241AB8391B00ED5F39 /* Sources */,
				97AA6C251AB8391B00ED5F39 /* Frameworks */,
				97AA6C261AB8391B00ED5F39 /* Resources */,
			);
			buildRules = (
			);
			dependencies = (
			);
			name = SimplePopAlert;
			productName = SimplePopAlert;
			productReference = 97AA6C281AB8391B00ED5F39 /* SimplePopAlert.app */;
			productType = "com.apple.product-type.application";
		};
		97AA6C401AB8391B00ED5F39 /* SimplePopAlertTests */ = {
			isa = PBXNativeTarget;
			buildConfigurationList = 97AA6C4E1AB8391B00ED5F39 /* Build configuration list for PBXNativeTarget "SimplePopAlertTests" */;
			buildPhases = (
				97AA6C3D1AB8391B00ED5F39 /* Sources */,
				97AA6C3E1AB8391B00ED5F39 /* Frameworks */,
				97AA6C3F1AB8391B00ED5F39 /* Resources */,
			);
			buildRules = (
			);
			dependencies = (
				97AA6C431AB8391B00ED5F39 /* PBXTargetDependency */,
			);
			name = SimplePopAlertTests;
			productName = SimplePopAlertTests;
			productReference = 97AA6C411AB8391B00ED5F39 /* SimplePopAlertTests.xctest */;
			productType = "com.apple.product-type.bundle.unit-test";
		};
/* End PBXNativeTarget section */

/* Begin PBXProject section */
		97AA6C201AB8391B00ED5F39 /* Project object */ = {
			isa = PBXProject;
			attributes = {
				LastUpgradeCheck = 0620;
				ORGANIZATIONNAME = Tolecen;
				TargetAttributes = {
					97AA6C271AB8391B00ED5F39 = {
						CreatedOnToolsVersion = 6.2;
					};
					97AA6C401AB8391B00ED5F39 = {
						CreatedOnToolsVersion = 6.2;
						TestTargetID = 97AA6C271AB8391B00ED5F39;
					};
				};
			};
			buildConfigurationList = 97AA6C231AB8391B00ED5F39 /* Build configuration list for PBXProject "SimplePopAlert" */;
			compatibilityVersion = "Xcode 3.2";
			developmentRegion = English;
			hasScannedForEncodings = 0;
			knownRegions = (
				en,
				Base,
			);
			mainGroup = 97AA6C1F1AB8391B00ED5F39;
			productRefGroup = 97AA6C291AB8391B00ED5F39 /* Products */;
			projectDirPath = "";
			projectRoot = "";
			targets = (
				97AA6C271AB8391B00ED5F39 /* SimplePopAlert */,
				97AA6C401AB8391B00ED5F39 /* SimplePopAlertTests */,
			);
		};
/* End PBXProject section */

/* Begin PBXResourcesBuildPhase section */
		97AA6C261AB8391B00ED5F39 /* Resources */ = {
			isa = PBXResourcesBuildPhase;
			buildActionMask = 2147483647;
			files = (
				97AA6C591AB83B9700ED5F39 /* leftArrow_prompt.png in Resources */,
				97AA6C571AB83B9700ED5F39 /* topArrow_prompt.png in Resources */,
				97AA6C371AB8391B00ED5F39 /* Main.storyboard in Resources */,
				97AA6C5B1AB83C4000ED5F39 /* rightArrow_prompt.png in Resources */,
				97AA6C3C1AB8391B00ED5F39 /* LaunchScreen.xib in Resources */,
				97AA6C391AB8391B00ED5F39 /* Images.xcassets in Resources */,
				97AA6C581AB83B9700ED5F39 /* bottomArrow_prompt.png in Resources */,
			);
			runOnlyForDeploymentPostprocessing = 0;
		};
		97AA6C3F1AB8391B00ED5F39 /* Resources */ = {
			isa = PBXResourcesBuildPhase;
			buildActionMask = 2147483647;
			files = (
			);
			runOnlyForDeploymentPostprocessing = 0;
		};
/* End PBXResourcesBuildPhase section */

/* Begin PBXSourcesBuildPhase section */
		97AA6C241AB8391B00ED5F39 /* Sources */ = {
			isa = PBXSourcesBuildPhase;
			buildActionMask = 2147483647;
			files = (
				97AA6C531AB8395C00ED5F39 /* PromptView.m in Sources */,
				97AA6C341AB8391B00ED5F39 /* ViewController.m in Sources */,
				97AA6C311AB8391B00ED5F39 /* AppDelegate.m in Sources */,
				97AA6C2E1AB8391B00ED5F39 /* main.m in Sources */,
			);
			runOnlyForDeploymentPostprocessing = 0;
		};
		97AA6C3D1AB8391B00ED5F39 /* Sources */ = {
			isa = PBXSourcesBuildPhase;
			buildActionMask = 2147483647;
			files = (
				97AA6C481AB8391B00ED5F39 /* SimplePopAlertTests.m in Sources */,
			);
			runOnlyForDeploymentPostprocessing = 0;
		};
/* End PBXSourcesBuildPhase section */

/* Begin PBXTargetDependency section */
		97AA6C431AB8391B00ED5F39 /* PBXTargetDependency */ = {
			isa = PBXTargetDependency;
			target = 97AA6C271AB8391B00ED5F39 /* SimplePopAlert */;
			targetProxy = 97AA6C421AB8391B00ED5F39 /* PBXContainerItemProxy */;
		};
/* End PBXTargetDependency section */

/* Begin PBXVariantGroup section */
		97AA6C351AB8391B00ED5F39 /* Main.storyboard */ = {
			isa = PBXVariantGroup;
			children = (
				97AA6C361AB8391B00ED5F39 /* Base */,
			);
			name = Main.storyboard;
			sourceTree = "<group>";
		};
		97AA6C3A1AB8391B00ED5F39 /* LaunchScreen.xib */ = {
			isa = PBXVariantGroup;
			children = (
				97AA6C3B1AB8391B00ED5F39 /* Base */,
			);
			name = LaunchScreen.xib;
			sourceTree = "<group>";
		};
/* End PBXVariantGroup section */

/* Begin XCBuildConfiguration section */
		97AA6C491AB8391B00ED5F39 /* Debug */ = {
			isa = XCBuildConfiguration;
			buildSettings = {
				ALWAYS_SEARCH_USER_PATHS = NO;
				CLANG_CXX_LANGUAGE_STANDARD = "gnu++0x";
				CLANG_CXX_LIBRARY = "libc++";
				CLANG_ENABLE_MODULES = YES;
				CLANG_ENABLE_OBJC_ARC = YES;
				CLANG_WARN_BOOL_CONVERSION = YES;
				CLANG_WARN_CONSTANT_CONVERSION = YES;
				CLANG_WARN_DIRECT_OBJC_ISA_USAGE = YES_ERROR;
				CLANG_WARN_EMPTY_BODY = YES;
				CLANG_WARN_ENUM_CONVERSION = YES;
				CLANG_WARN_INT_CONVERSION = YES;
				CLANG_WARN_OBJC_ROOT_CLASS = YES_ERROR;
				CLANG_WARN_UNREACHABLE_CODE = YES;
				CLANG_WARN__DUPLICATE_METHOD_MATCH = YES;
				"CODE_SIGN_IDENTITY[sdk=iphoneos*]" = "iPhone Developer";
				COPY_PHASE_STRIP = NO;
				ENABLE_STRICT_OBJC_MSGSEND = YES;
				GCC_C_LANGUAGE_STANDARD = gnu99;
				GCC_DYNAMIC_NO_PIC = NO;
				GCC_OPTIMIZATION_LEVEL = 0;
				GCC_PREPROCESSOR_DEFINITIONS = (
					"DEBUG=1",
					"$(inherited)",
				);
				GCC_SYMBOLS_PRIVATE_EXTERN = NO;
				GCC_WARN_64_TO_32_BIT_CONVERSION = YES;
				GCC_WARN_ABOUT_RETURN_TYPE = YES_ERROR;
				GCC_WARN_UNDECLARED_SELECTOR = YES;
				GCC_WARN_UNINITIALIZED_AUTOS = YES_AGGRESSIVE;
				GCC_WARN_UNUSED_FUNCTION = YES;
				GCC_WARN_UNUSED_VARIABLE = YES;
				IPHONEOS_DEPLOYMENT_TARGET = 8.2;
				MTL_ENABLE_DEBUG_INFO = YES;
				ONLY_ACTIVE_ARCH = YES;
				SDKROOT = iphoneos;
			};
			name = Debug;
		};
		97AA6C4A1AB8391B00ED5F39 /* Release */ = {
			isa = XCBuildConfiguration;
			buildSettings = {
				ALWAYS_SEARCH_USER_PATHS = NO;
				CLANG_CXX_LANGUAGE_STANDARD = "gnu++0x";
				CLANG_CXX_LIBRARY = "libc++";
				CLANG_ENABLE_MODULES = YES;
				CLANG_ENABLE_OBJC_ARC = YES;
				CLANG_WARN_BOOL_CONVERSION = YES;
				CLANG_WARN_CONSTANT_CONVERSION = YES;
				CLANG_WARN_DIRECT_OBJC_ISA_USAGE = YES_ERROR;
				CLANG_WARN_EMPTY_BODY = YES;
				CLANG_WARN_ENUM_CONVERSION = YES;
				CLANG_WARN_INT_CONVERSION = YES;
				CLANG_WARN_OBJC_ROOT_CLASS = YES_ERROR;
				CLANG_WARN_UNREACHABLE_CODE = YES;
				CLANG_WARN__DUPLICATE_METHOD_MATCH = YES;
				"CODE_SIGN_IDENTITY[sdk=iphoneos*]" = "iPhone Developer";
				COPY_PHASE_STRIP = NO;
				ENABLE_NS_ASSERTIONS = NO;
				ENABLE_STRICT_OBJC_MSGSEND = YES;
				GCC_C_LANGUAGE_STANDARD = gnu99;
				GCC_WARN_64_TO_32_BIT_CONVERSION = YES;
				GCC_WARN_ABOUT_RETURN_TYPE = YES_ERROR;
				GCC_WARN_UNDECLARED_SELECTOR = YES;
				GCC_WARN_UNINITIALIZED_AUTOS = YES_AGGRESSIVE;
				GCC_WARN_UNUSED_FUNCTION = YES;
				GCC_WARN_UNUSED_VARIABLE = YES;
				IPHONEOS_DEPLOYMENT_TARGET = 8.2;
				MTL_ENABLE_DEBUG_INFO = NO;
				SDKROOT = iphoneos;
				VALIDATE_PRODUCT = YES;
			};
			name = Release;
		};
		97AA6C4C1AB8391B00ED5F39 /* Debug */ = {
			isa = XCBuildConfiguration;
			buildSettings = {
				ASSETCATALOG_COMPILER_APPICON_NAME = AppIcon;
				INFOPLIST_FILE = SimplePopAlert/Info.plist;
				LD_RUNPATH_SEARCH_PATHS = "$(inherited) @executable_path/Frameworks";
				PRODUCT_NAME = "$(TARGET_NAME)";
			};
			name = Debug;
		};
		97AA6C4D1AB8391B00ED5F39 /* Release */ = {
			isa = XCBuildConfiguration;
			buildSettings = {
				ASSETCATALOG_COMPILER_APPICON_NAME = AppIcon;
				INFOPLIST_FILE = SimplePopAlert/Info.plist;
				LD_RUNPATH_SEARCH_PATHS = "$(inherited) @executable_path/Frameworks";
				PRODUCT_NAME = "$(TARGET_NAME)";
			};
			name = Release;
		};
		97AA6C4F1AB8391B00ED5F39 /* Debug */ = {
			isa = XCBuildConfiguration;
			buildSettings = {
				BUNDLE_LOADER = "$(TEST_HOST)";
				FRAMEWORK_SEARCH_PATHS = (
					"$(SDKROOT)/Developer/Library/Frameworks",
					"$(inherited)",
				);
				GCC_PREPROCESSOR_DEFINITIONS = (
					"DEBUG=1",
					"$(inherited)",
				);
				INFOPLIST_FILE = SimplePopAlertTests/Info.plist;
				LD_RUNPATH_SEARCH_PATHS = "$(inherited) @executable_path/Frameworks @loader_path/Frameworks";
				PRODUCT_NAME = "$(TARGET_NAME)";
				TEST_HOST = "$(BUILT_PRODUCTS_DIR)/SimplePopAlert.app/SimplePopAlert";
			};
			name = Debug;
		};
		97AA6C501AB8391B00ED5F39 /* Release */ = {
			isa = XCBuildConfiguration;
			buildSettings = {
				BUNDLE_LOADER = "$(TEST_HOST)";
				FRAMEWORK_SEARCH_PATHS = (
					"$(SDKROOT)/Developer/Library/Frameworks",
					"$(inherited)",
				);
				INFOPLIST_FILE = SimplePopAlertTests/Info.plist;
				LD_RUNPATH_SEARCH_PATHS = "$(inherited) @executable_path/Frameworks @loader_path/Frameworks";
				PRODUCT_NAME = "$(TARGET_NAME)";
				TEST_HOST = "$(BUILT_PRODUCTS_DIR)/SimplePopAlert.app/SimplePopAlert";
			};
			name = Release;
		};
/* End XCBuildConfiguration section */

/* Begin XCConfigurationList section */
		97AA6C231AB8391B00ED5F39 /* Build configuration list for PBXProject "SimplePopAlert" */ = {
			isa = XCConfigurationList;
			buildConfigurations = (
				97AA6C491AB8391B00ED5F39 /* Debug */,
				97AA6C4A1AB8391B00ED5F39 /* Release */,
			);
			defaultConfigurationIsVisible = 0;
			defaultConfigurationName = Release;
		};
		97AA6C4B1AB8391B00ED5F39 /* Build configuration list for PBXNativeTarget "SimplePopAlert" */ = {
			isa = XCConfigurationList;
			buildConfigurations = (
				97AA6C4C1AB8391B00ED5F39 /* Debug */,
				97AA6C4D1AB8391B00ED5F39 /* Release */,
			);
			defaultConfigurationIsVisible = 0;
		};
		97AA6C4E1AB8391B00ED5F39 /* Build configuration list for PBXNativeTarget "SimplePopAlertTests" */ = {
			isa = XCConfigurationList;
			buildConfigurations = (
				97AA6C4F1AB8391B00ED5F39 /* Debug */,
				97AA6C501AB8391B00ED5F39 /* Release */,
			);
			defaultConfigurationIsVisible = 0;
		};
/* End XCConfigurationList section */
	};
	rootObject = 97AA6C201AB8391B00ED5F39 /* Project object */;
}
